Microsoft Visual Studio Solution File, Format Version 12.00
# Visual Studio 2012
Project("{FAE04EC0-301F-11D3-BF4B-00C04F79EFBC}") = "runners-gate-core", "runners-gate-core.csproj", "{763481EF-9702-4F0A-94BE-E901F5C7AD59}"
EndProject
Global
	GlobalSection(SolutionConfigurationPlatforms) = preSolution
	Debug|Any CPU = Debug|Any CPU
	ExportDebug|Any CPU = ExportDebug|Any CPU
	ExportRelease|Any CPU = ExportRelease|Any CPU
	EndGlobalSection
	GlobalSection(ProjectConfigurationPlatforms) = postSolution
		{763481EF-9702-4F0A-94BE-E901F5C7AD59}.Debug|Any CPU.ActiveCfg = Debug|Any CPU
		{763481EF-9702-4F0A-94BE-E901F5C7AD59}.Debug|Any CPU.Build.0 = Debug|Any CPU
		{763481EF-9702-4F0A-94BE-E901F5C7AD59}.ExportDebug|Any CPU.ActiveCfg = ExportDebug|Any CPU
		{763481EF-9702-4F0A-94BE-E901F5C7AD59}.ExportDebug|Any CPU.Build.0 = ExportDebug|Any CPU
		{763481EF-9702-4F0A-94BE-E901F5C7AD59}.ExportRelease|Any CPU.ActiveCfg = ExportRelease|Any CPU
		{763481EF-9702-4F0A-94BE-E901F5C7AD59}.ExportRelease|Any CPU.Build.0 = ExportRelease|Any CPU
	EndGlobalSection
EndGlobal
